
Microsoft Visual Studio Solution File, Format Version 12.00
# Visual Studio Version 17
VisualStudioVersion = 17.0.32014.148
MinimumVisualStudioVersion = 10.0.40219.1
Project("{FAE04EC0-301F-11D3-BF4B-00C04F79EFBC}") = "DatabaseConn", "DatabaseConn.csproj", "{61F08E66-C8DE-45FD-AB1A-99F68C64DED8}"
EndProject
Global
	GlobalSection(SolutionConfigurationPlatforms) = preSolution
		Debug|Any CPU = Debug|Any CPU
		Release|Any CPU = Release|Any CPU
	EndGlobalSection
	GlobalSection(ProjectConfigurationPlatforms) = postSolution
		{61F08E66-C8DE-45FD-AB1A-99F68C64DED8}.Debug|Any CPU.ActiveCfg = Debug|Any CPU
		{61F08E66-C8DE-45FD-AB1A-99F68C64DED8}.Debug|Any CPU.Build.0 = Debug|Any CPU
		{61F08E66-C8DE-45FD-AB1A-99F68C64DED8}.Release|Any CPU.ActiveCfg = Release|Any CPU
		{61F08E66-C8DE-45FD-AB1A-99F68C64DED8}.Release|Any CPU.Build.0 = Release|Any CPU
	EndGlobalSection
	GlobalSection(SolutionProperties) = preSolution
		HideSolutionNode = FALSE
	EndGlobalSection
	GlobalSection(ExtensibilityGlobals) = postSolution
		SolutionGuid = {8F046D8D-545B-4680-889F-B4268AA991E2}
	EndGlobalSection
EndGlobal
